
Microsoft Visual Studio Solution File, Format Version 12.00
# Visual Studio Version 16
VisualStudioVersion = 16.0.31613.86
MinimumVisualStudioVersion = 10.0.40219.1
Project("{FAE04EC0-301F-11D3-BF4B-00C04F79EFBC}") = "Senai.Rental.WebApi", "Senai.Rental.WebApi\Senai.Rental.WebApi.csproj", "{A8BD3436-420F-410A-B49C-476BD2C72375}"
EndProject
Global
	GlobalSection(SolutionConfigurationPlatforms) = preSolution
		Debug|Any CPU = Debug|Any CPU
		Release|Any CPU = Release|Any CPU
	EndGlobalSection
	GlobalSection(ProjectConfigurationPlatforms) = postSolution
		{A8BD3436-420F-410A-B49C-476BD2C72375}.Debug|Any CPU.ActiveCfg = Debug|Any CPU
		{A8BD3436-420F-410A-B49C-476BD2C72375}.Debug|Any CPU.Build.0 = Debug|Any CPU
		{A8BD3436-420F-410A-B49C-476BD2C72375}.Release|Any CPU.ActiveCfg = Release|Any CPU
		{A8BD3436-420F-410A-B49C-476BD2C72375}.Release|Any CPU.Build.0 = Release|Any CPU
	EndGlobalSection
	GlobalSection(SolutionProperties) = preSolution
		HideSolutionNode = FALSE
	EndGlobalSection
	GlobalSection(ExtensibilityGlobals) = postSolution
		SolutionGuid = {3B917380-692E-4E64-BEBB-F49A76BB0C2A}
	EndGlobalSection
EndGlobal
